
Microsoft Visual Studio Solution File, Format Version 12.00
# Visual Studio Version 17
VisualStudioVersion = 17.7.34018.315
MinimumVisualStudioVersion = 10.0.40219.1
Project("{8BC9CEB8-8B4A-11D0-8D11-00A0C91BC942}") = "BlackJack", "BlackJack.vcxproj", "{834D1CD2-B4E1-427E-B20B-37C6D4E201EF}"
EndProject
Global
	GlobalSection(SolutionConfigurationPlatforms) = preSolution
		Debug|x64 = Debug|x64
		Debug|x86 = Debug|x86
		Release|x64 = Release|x64
		Release|x86 = Release|x86
	EndGlobalSection
	GlobalSection(ProjectConfigurationPlatforms) = postSolution
		{834D1CD2-B4E1-427E-B20B-37C6D4E201EF}.Debug|x64.ActiveCfg = Debug|x64
		{834D1CD2-B4E1-427E-B20B-37C6D4E201EF}.Debug|x64.Build.0 = Debug|x64
		{834D1CD2-B4E1-427E-B20B-37C6D4E201EF}.Debug|x86.ActiveCfg = Debug|Win32
		{834D1CD2-B4E1-427E-B20B-37C6D4E201EF}.Debug|x86.Build.0 = Debug|Win32
		{834D1CD2-B4E1-427E-B20B-37C6D4E201EF}.Release|x64.ActiveCfg = Release|x64
		{834D1CD2-B4E1-427E-B20B-37C6D4E201EF}.Release|x64.Build.0 = Release|x64
		{834D1CD2-B4E1-427E-B20B-37C6D4E201EF}.Release|x86.ActiveCfg = Release|Win32
		{834D1CD2-B4E1-427E-B20B-37C6D4E201EF}.Release|x86.Build.0 = Release|Win32
	EndGlobalSection
	GlobalSection(SolutionProperties) = preSolution
		HideSolutionNode = FALSE
	EndGlobalSection
	GlobalSection(ExtensibilityGlobals) = postSolution
		SolutionGuid = {F26FCFC9-C6B2-4921-9F4D-C54E4F146301}
	EndGlobalSection
EndGlobal
